
Microsoft Visual Studio Solution File, Format Version 12.00
# Visual Studio Version 16
VisualStudioVersion = 16.0.31515.178
MinimumVisualStudioVersion = 10.0.40219.1
Project("{FAE04EC0-301F-11D3-BF4B-00C04F79EFBC}") = "HybridWebViewExample.Android", "HybridWebViewExample\HybridWebViewExample.Android\HybridWebViewExample.Android.csproj", "{6003B684-66B8-4BCB-AC83-677890CA53C1}"
EndProject
Project("{FAE04EC0-301F-11D3-BF4B-00C04F79EFBC}") = "HybridWebViewExample.iOS", "HybridWebViewExample\HybridWebViewExample.iOS\HybridWebViewExample.iOS.csproj", "{7DFEAEEA-D522-4083-B298-1947BF6FF637}"
EndProject
Project("{FAE04EC0-301F-11D3-BF4B-00C04F79EFBC}") = "HybridWebViewExample", "HybridWebViewExample\HybridWebViewExample\HybridWebViewExample.csproj", "{DE155B82-AD9C-4024-935D-29A6CA0640FE}"
EndProject
Global
	GlobalSection(SolutionConfigurationPlatforms) = preSolution
		Debug|Any CPU = Debug|Any CPU
		Debug|iPhone = Debug|iPhone
		Debug|iPhoneSimulator = Debug|iPhoneSimulator
		Release|Any CPU = Release|Any CPU
		Release|iPhone = Release|iPhone
		Release|iPhoneSimulator = Release|iPhoneSimulator
	EndGlobalSection
	GlobalSection(ProjectConfigurationPlatforms) = postSolution
		{6003B684-66B8-4BCB-AC83-677890CA53C1}.Debug|Any CPU.ActiveCfg = Debug|Any CPU
		{6003B684-66B8-4BCB-AC83-677890CA53C1}.Debug|Any CPU.Build.0 = Debug|Any CPU
		{6003B684-66B8-4BCB-AC83-677890CA53C1}.Debug|Any CPU.Deploy.0 = Debug|Any CPU
		{6003B684-66B8-4BCB-AC83-677890CA53C1}.Debug|iPhone.ActiveCfg = Debug|Any CPU
		{6003B684-66B8-4BCB-AC83-677890CA53C1}.Debug|iPhone.Build.0 = Debug|Any CPU
		{6003B684-66B8-4BCB-AC83-677890CA53C1}.Debug|iPhone.Deploy.0 = Debug|Any CPU
		{6003B684-66B8-4BCB-AC83-677890CA53C1}.Debug|iPhoneSimulator.ActiveCfg = Debug|Any CPU
		{6003B684-66B8-4BCB-AC83-677890CA53C1}.Debug|iPhoneSimulator.Build.0 = Debug|Any CPU
		{6003B684-66B8-4BCB-AC83-677890CA53C1}.Debug|iPhoneSimulator.Deploy.0 = Debug|Any CPU
		{6003B684-66B8-4BCB-AC83-677890CA53C1}.Release|Any CPU.ActiveCfg = Release|Any CPU
		{6003B684-66B8-4BCB-AC83-677890CA53C1}.Release|Any CPU.Build.0 = Release|Any CPU
		{6003B684-66B8-4BCB-AC83-677890CA53C1}.Release|Any CPU.Deploy.0 = Release|Any CPU
		{6003B684-66B8-4BCB-AC83-677890CA53C1}.Release|iPhone.ActiveCfg = Release|Any CPU
		{6003B684-66B8-4BCB-AC83-677890CA53C1}.Release|iPhone.Build.0 = Release|Any CPU
		{6003B684-66B8-4BCB-AC83-677890CA53C1}.Release|iPhone.Deploy.0 = Release|Any CPU
		{6003B684-66B8-4BCB-AC83-677890CA53C1}.Release|iPhoneSimulator.ActiveCfg = Release|Any CPU
		{6003B684-66B8-4BCB-AC83-677890CA53C1}.Release|iPhoneSimulator.Build.0 = Release|Any CPU
		{6003B684-66B8-4BCB-AC83-677890CA53C1}.Release|iPhoneSimulator.Deploy.0 = Release|Any CPU
		{7DFEAEEA-D522-4083-B298-1947BF6FF637}.Debug|Any CPU.ActiveCfg = Debug|iPhone
		{7DFEAEEA-D522-4083-B298-1947BF6FF637}.Debug|Any CPU.Build.0 = Debug|iPhone
		{7DFEAEEA-D522-4083-B298-1947BF6FF637}.Debug|Any CPU.Deploy.0 = Debug|iPhone
		{7DFEAEEA-D522-4083-B298-1947BF6FF637}.Debug|iPhone.ActiveCfg = Debug|iPhone
		{7DFEAEEA-D522-4083-B298-1947BF6FF637}.Debug|iPhone.Build.0 = Debug|iPhone
		{7DFEAEEA-D522-4083-B298-1947BF6FF637}.Debug|iPhone.Deploy.0 = Debug|iPhone
		{7DFEAEEA-D522-4083-B298-1947BF6FF637}.Debug|iPhoneSimulator.ActiveCfg = Debug|iPhoneSimulator
		{7DFEAEEA-D522-4083-B298-1947BF6FF637}.Debug|iPhoneSimulator.Build.0 = Debug|iPhoneSimulator
		{7DFEAEEA-D522-4083-B298-1947BF6FF637}.Debug|iPhoneSimulator.Deploy.0 = Debug|iPhoneSimulator
		{7DFEAEEA-D522-4083-B298-1947BF6FF637}.Release|Any CPU.ActiveCfg = Release|iPhoneSimulator
		{7DFEAEEA-D522-4083-B298-1947BF6FF637}.Release|Any CPU.Build.0 = Release|iPhoneSimulator
		{7DFEAEEA-D522-4083-B298-1947BF6FF637}.Release|Any CPU.Deploy.0 = Release|iPhoneSimulator
		{7DFEAEEA-D522-4083-B298-1947BF6FF637}.Release|iPhone.ActiveCfg = Release|iPhone
		{7DFEAEEA-D522-4083-B298-1947BF6FF637}.Release|iPhone.Build.0 = Release|iPhone
		{7DFEAEEA-D522-4083-B298-1947BF6FF637}.Release|iPhone.Deploy.0 = Release|iPhone
		{7DFEAEEA-D522-4083-B298-1947BF6FF637}.Release|iPhoneSimulator.ActiveCfg = Release|iPhoneSimulator
		{7DFEAEEA-D522-4083-B298-1947BF6FF637}.Release|iPhoneSimulator.Build.0 = Release|iPhoneSimulator
		{7DFEAEEA-D522-4083-B298-1947BF6FF637}.Release|iPhoneSimulator.Deploy.0 = Release|iPhoneSimulator
		{DE155B82-AD9C-4024-935D-29A6CA0640FE}.Debug|Any CPU.ActiveCfg = Debug|Any CPU
		{DE155B82-AD9C-4024-935D-29A6CA0640FE}.Debug|Any CPU.Build.0 = Debug|Any CPU
		{DE155B82-AD9C-4024-935D-29A6CA0640FE}.Debug|Any CPU.Deploy.0 = Debug|Any CPU
		{DE155B82-AD9C-4024-935D-29A6CA0640FE}.Debug|iPhone.ActiveCfg = Debug|Any CPU
		{DE155B82-AD9C-4024-935D-29A6CA0640FE}.Debug|iPhone.Build.0 = Debug|Any CPU
		{DE155B82-AD9C-4024-935D-29A6CA0640FE}.Debug|iPhone.Deploy.0 = Debug|Any CPU
		{DE155B82-AD9C-4024-935D-29A6CA0640FE}.Debug|iPhoneSimulator.ActiveCfg = Debug|Any CPU
		{DE155B82-AD9C-4024-935D-29A6CA0640FE}.Debug|iPhoneSimulator.Build.0 = Debug|Any CPU
		{DE155B82-AD9C-4024-935D-29A6CA0640FE}.Debug|iPhoneSimulator.Deploy.0 = Debug|Any CPU
		{DE155B82-AD9C-4024-935D-29A6CA0640FE}.Release|Any CPU.ActiveCfg = Release|Any CPU
		{DE155B82-AD9C-4024-935D-29A6CA0640FE}.Release|Any CPU.Build.0 = Release|Any CPU
		{DE155B82-AD9C-4024-935D-29A6CA0640FE}.Release|Any CPU.Deploy.0 = Release|Any CPU
		{DE155B82-AD9C-4024-935D-29A6CA0640FE}.Release|iPhone.ActiveCfg = Release|Any CPU
		{DE155B82-AD9C-4024-935D-29A6CA0640FE}.Release|iPhone.Build.0 = Release|Any CPU
		{DE155B82-AD9C-4024-935D-29A6CA0640FE}.Release|iPhone.Deploy.0 = Release|Any CPU
		{DE155B82-AD9C-4024-935D-29A6CA0640FE}.Release|iPhoneSimulator.ActiveCfg = Release|Any CPU
		{DE155B82-AD9C-4024-935D-29A6CA0640FE}.Release|iPhoneSimulator.Build.0 = Release|Any CPU
		{DE155B82-AD9C-4024-935D-29A6CA0640FE}.Release|iPhoneSimulator.Deploy.0 = Release|Any CPU
	EndGlobalSection
	GlobalSection(SolutionProperties) = preSolution
		HideSolutionNode = FALSE
	EndGlobalSection
	GlobalSection(ExtensibilityGlobals) = postSolution
		SolutionGuid = {61D21598-9693-47CE-A667-2D8F4A07E64F}
	EndGlobalSection
EndGlobal
